
Microsoft Visual Studio Solution File, Format Version 12.00
# Visual Studio Version 17
VisualStudioVersion = 17.7.34221.43
MinimumVisualStudioVersion = 10.0.40219.1
Project("{FAE04EC0-301F-11D3-BF4B-00C04F79EFBC}") = "DocsGenerator", "DocsGenerator.csproj", "{4F1BC5E3-FC00-4663-B3C6-DFAC9DF5232C}"
EndProject
Global
	GlobalSection(SolutionConfigurationPlatforms) = preSolution
		Debug|Any CPU = Debug|Any CPU
		Release|Any CPU = Release|Any CPU
	EndGlobalSection
	GlobalSection(ProjectConfigurationPlatforms) = postSolution
		{4F1BC5E3-FC00-4663-B3C6-DFAC9DF5232C}.Debug|Any CPU.ActiveCfg = Debug|Any CPU
		{4F1BC5E3-FC00-4663-B3C6-DFAC9DF5232C}.Debug|Any CPU.Build.0 = Debug|Any CPU
		{4F1BC5E3-FC00-4663-B3C6-DFAC9DF5232C}.Release|Any CPU.ActiveCfg = Release|Any CPU
		{4F1BC5E3-FC00-4663-B3C6-DFAC9DF5232C}.Release|Any CPU.Build.0 = Release|Any CPU
	EndGlobalSection
	GlobalSection(SolutionProperties) = preSolution
		HideSolutionNode = FALSE
	EndGlobalSection
	GlobalSection(ExtensibilityGlobals) = postSolution
		SolutionGuid = {20C7D135-3D82-413C-B78E-48038FAFE17C}
	EndGlobalSection
EndGlobal
